
Microsoft Visual Studio Solution File, Format Version 12.00
# Visual Studio Version 17
VisualStudioVersion = 17.13.35931.197 d17.13
MinimumVisualStudioVersion = 10.0.40219.1
Project("{8BC9CEB8-8B4A-11D0-8D11-00A0C91BC942}") = "CG2_00_01", "CG2_00_01.vcxproj", "{249B7EBA-7E4D-44C0-A3FC-3D9904A438D4}"
EndProject
Project("{2150E333-8FDC-42A3-9474-1A3956D46DE8}") = "ソリューション項目", "ソリューション項目", "{2022CB0F-8BAF-F49E-0C48-8EF4C96EC109}"
	ProjectSection(SolutionItems) = preProject
		.editorconfig = .editorconfig
	EndProjectSection
EndProject
Global
	GlobalSection(SolutionConfigurationPlatforms) = preSolution
		Debug|x64 = Debug|x64
		Release|x64 = Release|x64
	EndGlobalSection
	GlobalSection(ProjectConfigurationPlatforms) = postSolution
		{249B7EBA-7E4D-44C0-A3FC-3D9904A438D4}.Debug|x64.ActiveCfg = Debug|x64
		{249B7EBA-7E4D-44C0-A3FC-3D9904A438D4}.Debug|x64.Build.0 = Debug|x64
		{249B7EBA-7E4D-44C0-A3FC-3D9904A438D4}.Release|x64.ActiveCfg = Release|x64
		{249B7EBA-7E4D-44C0-A3FC-3D9904A438D4}.Release|x64.Build.0 = Release|x64
	EndGlobalSection
	GlobalSection(SolutionProperties) = preSolution
		HideSolutionNode = FALSE
	EndGlobalSection
	GlobalSection(ExtensibilityGlobals) = postSolution
		SolutionGuid = {9752A5D1-18C2-4DE6-ADA6-FE6BD0484152}
	EndGlobalSection
EndGlobal
